
Microsoft Visual Studio Solution File, Format Version 12.00
# Visual Studio Version 16
VisualStudioVersion = 16.0.29230.47
MinimumVisualStudioVersion = 10.0.40219.1
Project("{FAE04EC0-301F-11D3-BF4B-00C04F79EFBC}") = "ProjetoWEB", "ProjetoWEB\ProjetoWEB.csproj", "{7A662A2B-9A84-4AA2-8784-7281043B5E4E}"
EndProject
Global
	GlobalSection(SolutionConfigurationPlatforms) = preSolution
		Debug|Any CPU = Debug|Any CPU
		Release|Any CPU = Release|Any CPU
	EndGlobalSection
	GlobalSection(ProjectConfigurationPlatforms) = postSolution
		{7A662A2B-9A84-4AA2-8784-7281043B5E4E}.Debug|Any CPU.ActiveCfg = Debug|Any CPU
		{7A662A2B-9A84-4AA2-8784-7281043B5E4E}.Debug|Any CPU.Build.0 = Debug|Any CPU
		{7A662A2B-9A84-4AA2-8784-7281043B5E4E}.Release|Any CPU.ActiveCfg = Release|Any CPU
		{7A662A2B-9A84-4AA2-8784-7281043B5E4E}.Release|Any CPU.Build.0 = Release|Any CPU
	EndGlobalSection
	GlobalSection(SolutionProperties) = preSolution
		HideSolutionNode = FALSE
	EndGlobalSection
	GlobalSection(ExtensibilityGlobals) = postSolution
		SolutionGuid = {6FC5E3B6-2A67-4C60-8D7F-02E7218D0B80}
	EndGlobalSection
EndGlobal
